
Microsoft Visual Studio Solution File, Format Version 12.00
# Visual Studio Version 16
VisualStudioVersion = 16.0.29215.179
MinimumVisualStudioVersion = 10.0.40219.1
Project("{FAE04EC0-301F-11D3-BF4B-00C04F79EFBC}") = "HugoLand", "HugoLand.csproj", "{4891A93C-31E3-4DDE-9A0C-C47B0DE37FCB}"
EndProject
Project("{FAE04EC0-301F-11D3-BF4B-00C04F79EFBC}") = "HugoLandTests", "..\HugoLandTests\HugoLandTests.csproj", "{5F781A40-B6B3-44A5-8B35-137725A4540B}"
EndProject
Global
	GlobalSection(SolutionConfigurationPlatforms) = preSolution
		Debug|Any CPU = Debug|Any CPU
		Release|Any CPU = Release|Any CPU
	EndGlobalSection
	GlobalSection(ProjectConfigurationPlatforms) = postSolution
		{4891A93C-31E3-4DDE-9A0C-C47B0DE37FCB}.Debug|Any CPU.ActiveCfg = Debug|Any CPU
		{4891A93C-31E3-4DDE-9A0C-C47B0DE37FCB}.Debug|Any CPU.Build.0 = Debug|Any CPU
		{4891A93C-31E3-4DDE-9A0C-C47B0DE37FCB}.Release|Any CPU.ActiveCfg = Release|Any CPU
		{4891A93C-31E3-4DDE-9A0C-C47B0DE37FCB}.Release|Any CPU.Build.0 = Release|Any CPU
		{5F781A40-B6B3-44A5-8B35-137725A4540B}.Debug|Any CPU.ActiveCfg = Debug|Any CPU
		{5F781A40-B6B3-44A5-8B35-137725A4540B}.Debug|Any CPU.Build.0 = Debug|Any CPU
		{5F781A40-B6B3-44A5-8B35-137725A4540B}.Release|Any CPU.ActiveCfg = Release|Any CPU
		{5F781A40-B6B3-44A5-8B35-137725A4540B}.Release|Any CPU.Build.0 = Release|Any CPU
	EndGlobalSection
	GlobalSection(SolutionProperties) = preSolution
		HideSolutionNode = FALSE
	EndGlobalSection
	GlobalSection(ExtensibilityGlobals) = postSolution
		SolutionGuid = {DA0FE280-184A-4F0A-923A-148E7B87822E}
	EndGlobalSection
EndGlobal
